// !$*UTF8*$!
{
	archiveVersion = 1;
	classes = {
	};
	objectVersion = 50;
	objects = {

/* Begin PBXBuildFile section */
		ECB2043A2636A6950010B7DD /* AppDelegate.m in Sources */ = {isa = PBXBuildFile; fileRef = ECB204392636A6950010B7DD /* AppDelegate.m */; };
		ECB2043D2636A6950010B7DD /* SceneDelegate.m in Sources */ = {isa = PBXBuildFile; fileRef = ECB2043C2636A6950010B7DD /* SceneDelegate.m */; };
		ECB204402636A6950010B7DD /* ViewController.m in Sources */ = {isa = PBXBuildFile; fileRef = ECB2043F2636A6950010B7DD /* ViewController.m */; };
		ECB204432636A6950010B7DD /* Main.storyboard in Resources */ = {isa = PBXBuildFile; fileRef = ECB204412636A6950010B7DD /* Main.storyboard */; };
		ECB204452636A6950010B7DD /* Assets.xcassets in Resources */ = {isa = PBXBuildFile; fileRef = ECB204442636A6950010B7DD /* Assets.xcassets */; };
		ECB204482636A6950010B7DD /* LaunchScreen.storyboard in Resources */ = {isa = PBXBuildFile; fileRef = ECB204462636A6950010B7DD /* LaunchScreen.storyboard */; };
		ECB2044B2636A6950010B7DD /* main.m in Sources */ = {isa = PBXBuildFile; fileRef = ECB2044A2636A6950010B7DD /* main.m */; };
/* End PBXBuildFile section */

/* Begin PBXFileReference section */
		ECB204352636A6950010B7DD /* ObjcCTennis.app */ = {isa = PBXFileReference; explicitFileType = wrapper.application; includeInIndex = 0; path = ObjcCTennis.app; sourceTree = BUILT_PRODUCTS_DIR; };
		ECB204382636A6950010B7DD /* AppDelegate.h */ = {isa = PBXFileReference; lastKnownFileType = sourcecode.c.h; path = AppDelegate.h; sourceTree = "<group>"; };
		ECB204392636A6950010B7DD /* AppDelegate.m */ = {isa = PBXFileReference; lastKnownFileType = sourcecode.c.objc; path = AppDelegate.m; sourceTree = "<group>"; };
		ECB2043B2636A6950010B7DD /* SceneDelegate.h */ = {isa = PBXFileReference; lastKnownFileType = sourcecode.c.h; path = SceneDelegate.h; sourceTree = "<group>"; };
		ECB2043C2636A6950010B7DD /* SceneDelegate.m */ = {isa = PBXFileReference; lastKnownFileType = sourcecode.c.objc; path = SceneDelegate.m; sourceTree = "<group>"; };
		ECB2043E2636A6950010B7DD /* ViewController.h */ = {isa = PBXFileReference; lastKnownFileType = sourcecode.c.h; path = ViewController.h; sourceTree = "<group>"; };
		ECB2043F2636A6950010B7DD /* ViewController.m */ = {isa = PBXFileReference; lastKnownFileType = sourcecode.c.objc; path = ViewController.m; sourceTree = "<group>"; };
		ECB204422636A6950010B7DD /* Base */ = {isa = PBXFileReference; lastKnownFileType = file.storyboard; name = Base; path = Base.lproj/Main.storyboard; sourceTree = "<group>"; };
		ECB204442636A6950010B7DD /* Assets.xcassets */ = {isa = PBXFileReference; lastKnownFileType = folder.assetcatalog; path = Assets.xcassets; sourceTree = "<group>"; };
		ECB204472636A6950010B7DD /* Base */ = {isa = PBXFileReference; lastKnownFileType = file.storyboard; name = Base; path = Base.lproj/LaunchScreen.storyboard; sourceTree = "<group>"; };
		ECB204492636A6950010B7DD /* Info.plist */ = {isa = PBXFileReference; lastKnownFileType = text.plist.xml; path = Info.plist; sourceTree = "<group>"; };
		ECB2044A2636A6950010B7DD /* main.m */ = {isa = PBXFileReference; lastKnownFileType = sourcecode.c.objc; path = main.m; sourceTree = "<group>"; };
/* End PBXFileReference section */

/* Begin PBXFrameworksBuildPhase section */
		ECB204322636A6950010B7DD /* Frameworks */ = {
			isa = PBXFrameworksBuildPhase;
			buildActionMask = 2147483647;
			files = (
			);
			runOnlyForDeploymentPostprocessing = 0;
		};
/* End PBXFrameworksBuildPhase section */

/* Begin PBXGroup section */
		ECB2042C2636A6950010B7DD = {
			isa = PBXGroup;
			children = (
				ECB204372636A6950010B7DD /* ObjcCTennis */,
				ECB204362636A6950010B7DD /* Products */,
			);
			sourceTree = "<group>";
		};
		ECB204362636A6950010B7DD /* Products */ = {
			isa = PBXGroup;
			children = (
				ECB204352636A6950010B7DD /* ObjcCTennis.app */,
			);
			name = Products;
			sourceTree = "<group>";
		};
		ECB204372636A6950010B7DD /* ObjcCTennis */ = {
			isa = PBXGroup;
			children = (
				ECB204382636A6950010B7DD /* AppDelegate.h */,
				ECB204392636A6950010B7DD /* AppDelegate.m */,
				ECB2043B2636A6950010B7DD /* SceneDelegate.h */,
				ECB2043C2636A6950010B7DD /* SceneDelegate.m */,
				ECB2043E2636A6950010B7DD /* ViewController.h */,
				ECB2043F2636A6950010B7DD /* ViewController.m */,
				ECB204412636A6950010B7DD /* Main.storyboard */,
				ECB204442636A6950010B7DD /* Assets.xcassets */,
				ECB204462636A6950010B7DD /* LaunchScreen.storyboard */,
				ECB204492636A6950010B7DD /* Info.plist */,
				ECB2044A2636A6950010B7DD /* main.m */,
			);
			path = ObjcCTennis;
			sourceTree = "<group>";
		};
/* End PBXGroup section */

/* Begin PBXNativeTarget section */
		ECB204342636A6950010B7DD /* ObjcCTennis */ = {
			isa = PBXNativeTarget;
			buildConfigurationList = ECB2044E2636A6960010B7DD /* Build configuration list for PBXNativeTarget "ObjcCTennis" */;
			buildPhases = (
				ECB204312636A6950010B7DD /* Sources */,
				ECB204322636A6950010B7DD /* Frameworks */,
				ECB204332636A6950010B7DD /* Resources */,
			);
			buildRules = (
			);
			dependencies = (
			);
			name = ObjcCTennis;
			productName = ObjcCTennis;
			productReference = ECB204352636A6950010B7DD /* ObjcCTennis.app */;
			productType = "com.apple.product-type.application";
		};
/* End PBXNativeTarget section */

/* Begin PBXProject section */
		ECB2042D2636A6950010B7DD /* Project object */ = {
			isa = PBXProject;
			attributes = {
				LastUpgradeCheck = 1240;
				TargetAttributes = {
					ECB204342636A6950010B7DD = {
						CreatedOnToolsVersion = 12.4;
					};
				};
			};
			buildConfigurationList = ECB204302636A6950010B7DD /* Build configuration list for PBXProject "ObjcCTennis" */;
			compatibilityVersion = "Xcode 9.3";
			developmentRegion = en;
			hasScannedForEncodings = 0;
			knownRegions = (
				en,
				Base,
			);
			mainGroup = ECB2042C2636A6950010B7DD;
			productRefGroup = ECB204362636A6950010B7DD /* Products */;
			projectDirPath = "";
			projectRoot = "";
			targets = (
				ECB204342636A6950010B7DD /* ObjcCTennis */,
			);
		};
/* End PBXProject section */

/* Begin PBXResourcesBuildPhase section */
		ECB204332636A6950010B7DD /* Resources */ = {
			isa = PBXResourcesBuildPhase;
			buildActionMask = 2147483647;
			files = (
				ECB204482636A6950010B7DD /* LaunchScreen.storyboard in Resources */,
				ECB204452636A6950010B7DD /* Assets.xcassets in Resources */,
				ECB204432636A6950010B7DD /* Main.storyboard in Resources */,
			);
			runOnlyForDeploymentPostprocessing = 0;
		};
/* End PBXResourcesBuildPhase section */

/* Begin PBXSourcesBuildPhase section */
		ECB204312636A6950010B7DD /* Sources */ = {
			isa = PBXSourcesBuildPhase;
			buildActionMask = 2147483647;
			files = (
				ECB204402636A6950010B7DD /* ViewController.m in Sources */,
				ECB2043A2636A6950010B7DD /* AppDelegate.m in Sources */,
				ECB2044B2636A6950010B7DD /* main.m in Sources */,
				ECB2043D2636A6950010B7DD /* SceneDelegate.m in Sources */,
			);
			runOnlyForDeploymentPostprocessing = 0;
		};
/* End PBXSourcesBuildPhase section */

/* Begin PBXVariantGroup section */
		ECB204412636A6950010B7DD /* Main.storyboard */ = {
			isa = PBXVariantGroup;
			children = (
				ECB204422636A6950010B7DD /* Base */,
			);
			name = Main.storyboard;
			sourceTree = "<group>";
		};
		ECB204462636A6950010B7DD /* LaunchScreen.storyboard */ = {
			isa = PBXVariantGroup;
			children = (
				ECB204472636A6950010B7DD /* Base */,
			);
			name = LaunchScreen.storyboard;
			sourceTree = "<group>";
		};
/* End PBXVariantGroup section */

/* Begin XCBuildConfiguration section */
		ECB2044C2636A6950010B7DD /* Debug */ = {
			isa = XCBuildConfiguration;
			buildSettings = {
				ALWAYS_SEARCH_USER_PATHS = NO;
				CLANG_ANALYZER_NONNULL = YES;
				CLANG_ANALYZER_NUMBER_OBJECT_CONVERSION = YES_AGGRESSIVE;
				CLANG_CXX_LANGUAGE_STANDARD = "gnu++14";
				CLANG_CXX_LIBRARY = "libc++";
				CLANG_ENABLE_MODULES = YES;
				CLANG_ENABLE_OBJC_ARC = YES;
				CLANG_ENABLE_OBJC_WEAK = YES;
				CLANG_WARN_BLOCK_CAPTURE_AUTORELEASING = YES;
				CLANG_WARN_BOOL_CONVERSION = YES;
				CLANG_WARN_COMMA = YES;
				CLANG_WARN_CONSTANT_CONVERSION = YES;
				CLANG_WARN_DEPRECATED_OBJC_IMPLEMENTATIONS = YES;
				CLANG_WARN_DIRECT_OBJC_ISA_USAGE = YES_ERROR;
				CLANG_WARN_DOCUMENTATION_COMMENTS = YES;
				CLANG_WARN_EMPTY_BODY = YES;
				CLANG_WARN_ENUM_CONVERSION = YES;
				CLANG_WARN_INFINITE_RECURSION = YES;
				CLANG_WARN_INT_CONVERSION = YES;
				CLANG_WARN_NON_LITERAL_NULL_CONVERSION = YES;
				CLANG_WARN_OBJC_IMPLICIT_RETAIN_SELF = YES;
				CLANG_WARN_OBJC_LITERAL_CONVERSION = YES;
				CLANG_WARN_OBJC_ROOT_CLASS = YES_ERROR;
				CLANG_WARN_QUOTED_INCLUDE_IN_FRAMEWORK_HEADER = YES;
				CLANG_WARN_RANGE_LOOP_ANALYSIS = YES;
				CLANG_WARN_STRICT_PROTOTYPES = YES;
				CLANG_WARN_SUSPICIOUS_MOVE = YES;
				CLANG_WARN_UNGUARDED_AVAILABILITY = YES_AGGRESSIVE;
				CLANG_WARN_UNREACHABLE_CODE = YES;
				CLANG_WARN__DUPLICATE_METHOD_MATCH = YES;
				COPY_PHASE_STRIP = NO;
				DEBUG_INFORMATION_FORMAT = dwarf;
				ENABLE_STRICT_OBJC_MSGSEND = YES;
				ENABLE_TESTABILITY = YES;
				GCC_C_LANGUAGE_STANDARD = gnu11;
				GCC_DYNAMIC_NO_PIC = NO;
				GCC_NO_COMMON_BLOCKS = YES;
				GCC_OPTIMIZATION_LEVEL = 0;
				GCC_PREPROCESSOR_DEFINITIONS = (
					"DEBUG=1",
					"$(inherited)",
				);
				GCC_WARN_64_TO_32_BIT_CONVERSION = YES;
				GCC_WARN_ABOUT_RETURN_TYPE = YES_ERROR;
				GCC_WARN_UNDECLARED_SELECTOR = YES;
				GCC_WARN_UNINITIALIZED_AUTOS = YES_AGGRESSIVE;
				GCC_WARN_UNUSED_FUNCTION = YES;
				GCC_WARN_UNUSED_VARIABLE = YES;
				IPHONEOS_DEPLOYMENT_TARGET = 14.4;
				MTL_ENABLE_DEBUG_INFO = INCLUDE_SOURCE;
				MTL_FAST_MATH = YES;
				ONLY_ACTIVE_ARCH = YES;
				SDKROOT = iphoneos;
			};
			name = Debug;
		};
		ECB2044D2636A6950010B7DD /* Release */ = {
			isa = XCBuildConfiguration;
			buildSettings = {
				ALWAYS_SEARCH_USER_PATHS = NO;
				CLANG_ANALYZER_NONNULL = YES;
				CLANG_ANALYZER_NUMBER_OBJECT_CONVERSION = YES_AGGRESSIVE;
				CLANG_CXX_LANGUAGE_STANDARD = "gnu++14";
				CLANG_CXX_LIBRARY = "libc++";
				CLANG_ENABLE_MODULES = YES;
				CLANG_ENABLE_OBJC_ARC = YES;
				CLANG_ENABLE_OBJC_WEAK = YES;
				CLANG_WARN_BLOCK_CAPTURE_AUTORELEASING = YES;
				CLANG_WARN_BOOL_CONVERSION = YES;
				CLANG_WARN_COMMA = YES;
				CLANG_WARN_CONSTANT_CONVERSION = YES;
				CLANG_WARN_DEPRECATED_OBJC_IMPLEMENTATIONS = YES;
				CLANG_WARN_DIRECT_OBJC_ISA_USAGE = YES_ERROR;
				CLANG_WARN_DOCUMENTATION_COMMENTS = YES;
				CLANG_WARN_EMPTY_BODY = YES;
				CLANG_WARN_ENUM_CONVERSION = YES;
				CLANG_WARN_INFINITE_RECURSION = YES;
				CLANG_WARN_INT_CONVERSION = YES;
				CLANG_WARN_NON_LITERAL_NULL_CONVERSION = YES;
				CLANG_WARN_OBJC_IMPLICIT_RETAIN_SELF = YES;
				CLANG_WARN_OBJC_LITERAL_CONVERSION = YES;
				CLANG_WARN_OBJC_ROOT_CLASS = YES_ERROR;
				CLANG_WARN_QUOTED_INCLUDE_IN_FRAMEWORK_HEADER = YES;
				CLANG_WARN_RANGE_LOOP_ANALYSIS = YES;
				CLANG_WARN_STRICT_PROTOTYPES = YES;
				CLANG_WARN_SUSPICIOUS_MOVE = YES;
				CLANG_WARN_UNGUARDED_AVAILABILITY = YES_AGGRESSIVE;
				CLANG_WARN_UNREACHABLE_CODE = YES;
				CLANG_WARN__DUPLICATE_METHOD_MATCH = YES;
				COPY_PHASE_STRIP = NO;
				DEBUG_INFORMATION_FORMAT = "dwarf-with-dsym";
				ENABLE_NS_ASSERTIONS = NO;
				ENABLE_STRICT_OBJC_MSGSEND = YES;
				GCC_C_LANGUAGE_STANDARD = gnu11;
				GCC_NO_COMMON_BLOCKS = YES;
				GCC_WARN_64_TO_32_BIT_CONVERSION = YES;
				GCC_WARN_ABOUT_RETURN_TYPE = YES_ERROR;
				GCC_WARN_UNDECLARED_SELECTOR = YES;
				GCC_WARN_UNINITIALIZED_AUTOS = YES_AGGRESSIVE;
				GCC_WARN_UNUSED_FUNCTION = YES;
				GCC_WARN_UNUSED_VARIABLE = YES;
				IPHONEOS_DEPLOYMENT_TARGET = 14.4;
				MTL_ENABLE_DEBUG_INFO = NO;
				MTL_FAST_MATH = YES;
				SDKROOT = iphoneos;
				VALIDATE_PRODUCT = YES;
			};
			name = Release;
		};
		ECB2044F2636A6960010B7DD /* Debug */ = {
			isa = XCBuildConfiguration;
			buildSettings = {
				ASSETCATALOG_COMPILER_APPICON_NAME = AppIcon;
				ASSETCATALOG_COMPILER_GLOBAL_ACCENT_COLOR_NAME = AccentColor;
				CODE_SIGN_STYLE = Automatic;
				DEVELOPMENT_TEAM = R95MV6BG28;
				INFOPLIST_FILE = ObjcCTennis/Info.plist;
				LD_RUNPATH_SEARCH_PATHS = (
					"$(inherited)",
					"@executable_path/Frameworks",
				);
				PRODUCT_BUNDLE_IDENTIFIER = test.ObjcCTennis;
				PRODUCT_NAME = "$(TARGET_NAME)";
				TARGETED_DEVICE_FAMILY = "1,2";
			};
			name = Debug;
		};
		ECB204502636A6960010B7DD /* Release */ = {
			isa = XCBuildConfiguration;
			buildSettings = {
				ASSETCATALOG_COMPILER_APPICON_NAME = AppIcon;
				ASSETCATALOG_COMPILER_GLOBAL_ACCENT_COLOR_NAME = AccentColor;
				CODE_SIGN_STYLE = Automatic;
				DEVELOPMENT_TEAM = R95MV6BG28;
				INFOPLIST_FILE = ObjcCTennis/Info.plist;
				LD_RUNPATH_SEARCH_PATHS = (
					"$(inherited)",
					"@executable_path/Frameworks",
				);
				PRODUCT_BUNDLE_IDENTIFIER = test.ObjcCTennis;
				PRODUCT_NAME = "$(TARGET_NAME)";
				TARGETED_DEVICE_FAMILY = "1,2";
			};
			name = Release;
		};
/* End XCBuildConfiguration section */

/* Begin XCConfigurationList section */
		ECB204302636A6950010B7DD /* Build configuration list for PBXProject "ObjcCTennis" */ = {
			isa = XCConfigurationList;
			buildConfigurations = (
				ECB2044C2636A6950010B7DD /* Debug */,
				ECB2044D2636A6950010B7DD /* Release */,
			);
			defaultConfigurationIsVisible = 0;
			defaultConfigurationName = Release;
		};
		ECB2044E2636A6960010B7DD /* Build configuration list for PBXNativeTarget "ObjcCTennis" */ = {
			isa = XCConfigurationList;
			buildConfigurations = (
				ECB2044F2636A6960010B7DD /* Debug */,
				ECB204502636A6960010B7DD /* Release */,
			);
			defaultConfigurationIsVisible = 0;
			defaultConfigurationName = Release;
		};
/* End XCConfigurationList section */
	};
	rootObject = ECB2042D2636A6950010B7DD /* Project object */;
}
